// !$*UTF8*$!
{
	archiveVersion = 1;
	classes = {
	};
	objectVersion = 46;
	objects = {

/* Begin PBXBuildFile section */
		D8559A55191A3ADF00E57EDA /* Foundation.framework in Frameworks */ = {isa = PBXBuildFile; fileRef = D8559A54191A3ADF00E57EDA /* Foundation.framework */; };
		D8559A57191A3ADF00E57EDA /* CoreGraphics.framework in Frameworks */ = {isa = PBXBuildFile; fileRef = D8559A56191A3ADF00E57EDA /* CoreGraphics.framework */; };
		D8559A59191A3ADF00E57EDA /* UIKit.framework in Frameworks */ = {isa = PBXBuildFile; fileRef = D8559A58191A3ADF00E57EDA /* UIKit.framework */; };
		D8559A5F191A3ADF00E57EDA /* InfoPlist.strings in Resources */ = {isa = PBXBuildFile; fileRef = D8559A5D191A3ADF00E57EDA /* InfoPlist.strings */; };
		D8559A61191A3ADF00E57EDA /* main.m in Sources */ = {isa = PBXBuildFile; fileRef = D8559A60191A3ADF00E57EDA /* main.m */; };
		D8559A65191A3ADF00E57EDA /* AppDelegate.m in Sources */ = {isa = PBXBuildFile; fileRef = D8559A64191A3ADF00E57EDA /* AppDelegate.m */; };
		D8559A68191A3ADF00E57EDA /* Main.storyboard in Resources */ = {isa = PBXBuildFile; fileRef = D8559A66191A3ADF00E57EDA /* Main.storyboard */; };
		D8559A6B191A3ADF00E57EDA /* ViewController.m in Sources */ = {isa = PBXBuildFile; fileRef = D8559A6A191A3ADF00E57EDA /* ViewController.m */; };
		D8559A6D191A3ADF00E57EDA /* Images.xcassets in Resources */ = {isa = PBXBuildFile; fileRef = D8559A6C191A3ADF00E57EDA /* Images.xcassets */; };
		D8559A74191A3ADF00E57EDA /* XCTest.framework in Frameworks */ = {isa = PBXBuildFile; fileRef = D8559A73191A3ADF00E57EDA /* XCTest.framework */; };
		D8559A75191A3ADF00E57EDA /* Foundation.framework in Frameworks */ = {isa = PBXBuildFile; fileRef = D8559A54191A3ADF00E57EDA /* Foundation.framework */; };
		D8559A76191A3ADF00E57EDA /* UIKit.framework in Frameworks */ = {isa = PBXBuildFile; fileRef = D8559A58191A3ADF00E57EDA /* UIKit.framework */; };
		D8559A7E191A3ADF00E57EDA /* InfoPlist.strings in Resources */ = {isa = PBXBuildFile; fileRef = D8559A7C191A3ADF00E57EDA /* InfoPlist.strings */; };
		D8559A80191A3ADF00E57EDA /* StopWatchTests.m in Sources */ = {isa = PBXBuildFile; fileRef = D8559A7F191A3ADF00E57EDA /* StopWatchTests.m */; };
/* End PBXBuildFile section */

/* Begin PBXContainerItemProxy section */
		D8559A77191A3ADF00E57EDA /* PBXContainerItemProxy */ = {
			isa = PBXContainerItemProxy;
			containerPortal = D8559A49191A3ADF00E57EDA /* Project object */;
			proxyType = 1;
			remoteGlobalIDString = D8559A50191A3ADF00E57EDA;
			remoteInfo = StopWatch;
		};
/* End PBXContainerItemProxy section */

/* Begin PBXFileReference section */
		D8559A51191A3ADF00E57EDA /* StopWatch.app */ = {isa = PBXFileReference; explicitFileType = wrapper.application; includeInIndex = 0; path = StopWatch.app; sourceTree = BUILT_PRODUCTS_DIR; };
		D8559A54191A3ADF00E57EDA /* Foundation.framework */ = {isa = PBXFileReference; lastKnownFileType = wrapper.framework; name = Foundation.framework; path = System/Library/Frameworks/Foundation.framework; sourceTree = SDKROOT; };
		D8559A56191A3ADF00E57EDA /* CoreGraphics.framework */ = {isa = PBXFileReference; lastKnownFileType = wrapper.framework; name = CoreGraphics.framework; path = System/Library/Frameworks/CoreGraphics.framework; sourceTree = SDKROOT; };
		D8559A58191A3ADF00E57EDA /* UIKit.framework */ = {isa = PBXFileReference; lastKnownFileType = wrapper.framework; name = UIKit.framework; path = System/Library/Frameworks/UIKit.framework; sourceTree = SDKROOT; };
		D8559A5C191A3ADF00E57EDA /* StopWatch-Info.plist */ = {isa = PBXFileReference; lastKnownFileType = text.plist.xml; path = "StopWatch-Info.plist"; sourceTree = "<group>"; };
		D8559A5E191A3ADF00E57EDA /* en */ = {isa = PBXFileReference; lastKnownFileType = text.plist.strings; name = en; path = en.lproj/InfoPlist.strings; sourceTree = "<group>"; };
		D8559A60191A3ADF00E57EDA /* main.m */ = {isa = PBXFileReference; lastKnownFileType = sourcecode.c.objc; path = main.m; sourceTree = "<group>"; };
		D8559A62191A3ADF00E57EDA /* StopWatch-Prefix.pch */ = {isa = PBXFileReference; lastKnownFileType = sourcecode.c.h; path = "StopWatch-Prefix.pch"; sourceTree = "<group>"; };
		D8559A63191A3ADF00E57EDA /* AppDelegate.h */ = {isa = PBXFileReference; lastKnownFileType = sourcecode.c.h; path = AppDelegate.h; sourceTree = "<group>"; };
		D8559A64191A3ADF00E57EDA /* AppDelegate.m */ = {isa = PBXFileReference; lastKnownFileType = sourcecode.c.objc; path = AppDelegate.m; sourceTree = "<group>"; };
		D8559A67191A3ADF00E57EDA /* Base */ = {isa = PBXFileReference; lastKnownFileType = file.storyboard; name = Base; path = Base.lproj/Main.storyboard; sourceTree = "<group>"; };
		D8559A69191A3ADF00E57EDA /* ViewController.h */ = {isa = PBXFileReference; lastKnownFileType = sourcecode.c.h; path = ViewController.h; sourceTree = "<group>"; };
		D8559A6A191A3ADF00E57EDA /* ViewController.m */ = {isa = PBXFileReference; lastKnownFileType = sourcecode.c.objc; path = ViewController.m; sourceTree = "<group>"; };
		D8559A6C191A3ADF00E57EDA /* Images.xcassets */ = {isa = PBXFileReference; lastKnownFileType = folder.assetcatalog; path = Images.xcassets; sourceTree = "<group>"; };
		D8559A72191A3ADF00E57EDA /* StopWatchTests.xctest */ = {isa = PBXFileReference; explicitFileType = wrapper.cfbundle; includeInIndex = 0; path = StopWatchTests.xctest; sourceTree = BUILT_PRODUCTS_DIR; };
		D8559A73191A3ADF00E57EDA /* XCTest.framework */ = {isa = PBXFileReference; lastKnownFileType = wrapper.framework; name = XCTest.framework; path = Library/Frameworks/XCTest.framework; sourceTree = DEVELOPER_DIR; };
		D8559A7B191A3ADF00E57EDA /* StopWatchTests-Info.plist */ = {isa = PBXFileReference; lastKnownFileType = text.plist.xml; path = "StopWatchTests-Info.plist"; sourceTree = "<group>"; };
		D8559A7D191A3ADF00E57EDA /* en */ = {isa = PBXFileReference; lastKnownFileType = text.plist.strings; name = en; path = en.lproj/InfoPlist.strings; sourceTree = "<group>"; };
		D8559A7F191A3ADF00E57EDA /* StopWatchTests.m */ = {isa = PBXFileReference; lastKnownFileType = sourcecode.c.objc; path = StopWatchTests.m; sourceTree = "<group>"; };
/* End PBXFileReference section */

/* Begin PBXFrameworksBuildPhase section */
		D8559A4E191A3ADF00E57EDA /* Frameworks */ = {
			isa = PBXFrameworksBuildPhase;
			buildActionMask = 2147483647;
			files = (
				D8559A57191A3ADF00E57EDA /* CoreGraphics.framework in Frameworks */,
				D8559A59191A3ADF00E57EDA /* UIKit.framework in Frameworks */,
				D8559A55191A3ADF00E57EDA /* Foundation.framework in Frameworks */,
			);
			runOnlyForDeploymentPostprocessing = 0;
		};
		D8559A6F191A3ADF00E57EDA /* Frameworks */ = {
			isa = PBXFrameworksBuildPhase;
			buildActionMask = 2147483647;
			files = (
				D8559A74191A3ADF00E57EDA /* XCTest.framework in Frameworks */,
				D8559A76191A3ADF00E57EDA /* UIKit.framework in Frameworks */,
				D8559A75191A3ADF00E57EDA /* Foundation.framework in Frameworks */,
			);
			runOnlyForDeploymentPostprocessing = 0;
		};
/* End PBXFrameworksBuildPhase section */

/* Begin PBXGroup section */
		D8559A48191A3ADF00E57EDA = {
			isa = PBXGroup;
			children = (
				D8559A5A191A3ADF00E57EDA /* StopWatch */,
				D8559A79191A3ADF00E57EDA /* StopWatchTests */,
				D8559A53191A3ADF00E57EDA /* Frameworks */,
				D8559A52191A3ADF00E57EDA /* Products */,
			);
			sourceTree = "<group>";
		};
		D8559A52191A3ADF00E57EDA /* Products */ = {
			isa = PBXGroup;
			children = (
				D8559A51191A3ADF00E57EDA /* StopWatch.app */,
				D8559A72191A3ADF00E57EDA /* StopWatchTests.xctest */,
			);
			name = Products;
			sourceTree = "<group>";
		};
		D8559A53191A3ADF00E57EDA /* Frameworks */ = {
			isa = PBXGroup;
			children = (
				D8559A54191A3ADF00E57EDA /* Foundation.framework */,
				D8559A56191A3ADF00E57EDA /* CoreGraphics.framework */,
				D8559A58191A3ADF00E57EDA /* UIKit.framework */,
				D8559A73191A3ADF00E57EDA /* XCTest.framework */,
			);
			name = Frameworks;
			sourceTree = "<group>";
		};
		D8559A5A191A3ADF00E57EDA /* StopWatch */ = {
			isa = PBXGroup;
			children = (
				D8559A63191A3ADF00E57EDA /* AppDelegate.h */,
				D8559A64191A3ADF00E57EDA /* AppDelegate.m */,
				D8559A66191A3ADF00E57EDA /* Main.storyboard */,
				D8559A69191A3ADF00E57EDA /* ViewController.h */,
				D8559A6A191A3ADF00E57EDA /* ViewController.m */,
				D8559A6C191A3ADF00E57EDA /* Images.xcassets */,
				D8559A5B191A3ADF00E57EDA /* Supporting Files */,
			);
			path = StopWatch;
			sourceTree = "<group>";
		};
		D8559A5B191A3ADF00E57EDA /* Supporting Files */ = {
			isa = PBXGroup;
			children = (
				D8559A5C191A3ADF00E57EDA /* StopWatch-Info.plist */,
				D8559A5D191A3ADF00E57EDA /* InfoPlist.strings */,
				D8559A60191A3ADF00E57EDA /* main.m */,
				D8559A62191A3ADF00E57EDA /* StopWatch-Prefix.pch */,
			);
			name = "Supporting Files";
			sourceTree = "<group>";
		};
		D8559A79191A3ADF00E57EDA /* StopWatchTests */ = {
			isa = PBXGroup;
			children = (
				D8559A7F191A3ADF00E57EDA /* StopWatchTests.m */,
				D8559A7A191A3ADF00E57EDA /* Supporting Files */,
			);
			path = StopWatchTests;
			sourceTree = "<group>";
		};
		D8559A7A191A3ADF00E57EDA /* Supporting Files */ = {
			isa = PBXGroup;
			children = (
				D8559A7B191A3ADF00E57EDA /* StopWatchTests-Info.plist */,
				D8559A7C191A3ADF00E57EDA /* InfoPlist.strings */,
			);
			name = "Supporting Files";
			sourceTree = "<group>";
		};
/* End PBXGroup section */

/* Begin PBXNativeTarget section */
		D8559A50191A3ADF00E57EDA /* StopWatch */ = {
			isa = PBXNativeTarget;
			buildConfigurationList = D8559A83191A3ADF00E57EDA /* Build configuration list for PBXNativeTarget "StopWatch" */;
			buildPhases = (
				D8559A4D191A3ADF00E57EDA /* Sources */,
				D8559A4E191A3ADF00E57EDA /* Frameworks */,
				D8559A4F191A3ADF00E57EDA /* Resources */,
			);
			buildRules = (
			);
			dependencies = (
			);
			name = StopWatch;
			productName = StopWatch;
			productReference = D8559A51191A3ADF00E57EDA /* StopWatch.app */;
			productType = "com.apple.product-type.application";
		};
		D8559A71191A3ADF00E57EDA /* StopWatchTests */ = {
			isa = PBXNativeTarget;
			buildConfigurationList = D8559A86191A3ADF00E57EDA /* Build configuration list for PBXNativeTarget "StopWatchTests" */;
			buildPhases = (
				D8559A6E191A3ADF00E57EDA /* Sources */,
				D8559A6F191A3ADF00E57EDA /* Frameworks */,
				D8559A70191A3ADF00E57EDA /* Resources */,
			);
			buildRules = (
			);
			dependencies = (
				D8559A78191A3ADF00E57EDA /* PBXTargetDependency */,
			);
			name = StopWatchTests;
			productName = StopWatchTests;
			productReference = D8559A72191A3ADF00E57EDA /* StopWatchTests.xctest */;
			productType = "com.apple.product-type.bundle.unit-test";
		};
/* End PBXNativeTarget section */

/* Begin PBXProject section */
		D8559A49191A3ADF00E57EDA /* Project object */ = {
			isa = PBXProject;
			attributes = {
				LastUpgradeCheck = 0510;
				ORGANIZATIONNAME = "Shunya Noda";
				TargetAttributes = {
					D8559A71191A3ADF00E57EDA = {
						TestTargetID = D8559A50191A3ADF00E57EDA;
					};
				};
			};
			buildConfigurationList = D8559A4C191A3ADF00E57EDA /* Build configuration list for PBXProject "StopWatch" */;
			compatibilityVersion = "Xcode 3.2";
			developmentRegion = English;
			hasScannedForEncodings = 0;
			knownRegions = (
				en,
				Base,
			);
			mainGroup = D8559A48191A3ADF00E57EDA;
			productRefGroup = D8559A52191A3ADF00E57EDA /* Products */;
			projectDirPath = "";
			projectRoot = "";
			targets = (
				D8559A50191A3ADF00E57EDA /* StopWatch */,
				D8559A71191A3ADF00E57EDA /* StopWatchTests */,
			);
		};
/* End PBXProject section */

/* Begin PBXResourcesBuildPhase section */
		D8559A4F191A3ADF00E57EDA /* Resources */ = {
			isa = PBXResourcesBuildPhase;
			buildActionMask = 2147483647;
			files = (
				D8559A6D191A3ADF00E57EDA /* Images.xcassets in Resources */,
				D8559A5F191A3ADF00E57EDA /* InfoPlist.strings in Resources */,
				D8559A68191A3ADF00E57EDA /* Main.storyboard in Resources */,
			);
			runOnlyForDeploymentPostprocessing = 0;
		};
		D8559A70191A3ADF00E57EDA /* Resources */ = {
			isa = PBXResourcesBuildPhase;
			buildActionMask = 2147483647;
			files = (
				D8559A7E191A3ADF00E57EDA /* InfoPlist.strings in Resources */,
			);
			runOnlyForDeploymentPostprocessing = 0;
		};
/* End PBXResourcesBuildPhase section */

/* Begin PBXSourcesBuildPhase section */
		D8559A4D191A3ADF00E57EDA /* Sources */ = {
			isa = PBXSourcesBuildPhase;
			buildActionMask = 2147483647;
			files = (
				D8559A6B191A3ADF00E57EDA /* ViewController.m in Sources */,
				D8559A65191A3ADF00E57EDA /* AppDelegate.m in Sources */,
				D8559A61191A3ADF00E57EDA /* main.m in Sources */,
			);
			runOnlyForDeploymentPostprocessing = 0;
		};
		D8559A6E191A3ADF00E57EDA /* Sources */ = {
			isa = PBXSourcesBuildPhase;
			buildActionMask = 2147483647;
			files = (
				D8559A80191A3ADF00E57EDA /* StopWatchTests.m in Sources */,
			);
			runOnlyForDeploymentPostprocessing = 0;
		};
/* End PBXSourcesBuildPhase section */

/* Begin PBXTargetDependency section */
		D8559A78191A3ADF00E57EDA /* PBXTargetDependency */ = {
			isa = PBXTargetDependency;
			target = D8559A50191A3ADF00E57EDA /* StopWatch */;
			targetProxy = D8559A77191A3ADF00E57EDA /* PBXContainerItemProxy */;
		};
/* End PBXTargetDependency section */

/* Begin PBXVariantGroup section */
		D8559A5D191A3ADF00E57EDA /* InfoPlist.strings */ = {
			isa = PBXVariantGroup;
			children = (
				D8559A5E191A3ADF00E57EDA /* en */,
			);
			name = InfoPlist.strings;
			sourceTree = "<group>";
		};
		D8559A66191A3ADF00E57EDA /* Main.storyboard */ = {
			isa = PBXVariantGroup;
			children = (
				D8559A67191A3ADF00E57EDA /* Base */,
			);
			name = Main.storyboard;
			sourceTree = "<group>";
		};
		D8559A7C191A3ADF00E57EDA /* InfoPlist.strings */ = {
			isa = PBXVariantGroup;
			children = (
				D8559A7D191A3ADF00E57EDA /* en */,
			);
			name = InfoPlist.strings;
			sourceTree = "<group>";
		};
/* End PBXVariantGroup section */

/* Begin XCBuildConfiguration section */
		D8559A81191A3ADF00E57EDA /* Debug */ = {
			isa = XCBuildConfiguration;
			buildSettings = {
				ALWAYS_SEARCH_USER_PATHS = NO;
				CLANG_CXX_LANGUAGE_STANDARD = "gnu++0x";
				CLANG_CXX_LIBRARY = "libc++";
				CLANG_ENABLE_MODULES = YES;
				CLANG_ENABLE_OBJC_ARC = YES;
				CLANG_WARN_BOOL_CONVERSION = YES;
				CLANG_WARN_CONSTANT_CONVERSION = YES;
				CLANG_WARN_DIRECT_OBJC_ISA_USAGE = YES_ERROR;
				CLANG_WARN_EMPTY_BODY = YES;
				CLANG_WARN_ENUM_CONVERSION = YES;
				CLANG_WARN_INT_CONVERSION = YES;
				CLANG_WARN_OBJC_ROOT_CLASS = YES_ERROR;
				CLANG_WARN__DUPLICATE_METHOD_MATCH = YES;
				"CODE_SIGN_IDENTITY[sdk=iphoneos*]" = "iPhone Developer";
				COPY_PHASE_STRIP = NO;
				GCC_C_LANGUAGE_STANDARD = gnu99;
				GCC_DYNAMIC_NO_PIC = NO;
				GCC_OPTIMIZATION_LEVEL = 0;
				GCC_PREPROCESSOR_DEFINITIONS = (
					"DEBUG=1",
					"$(inherited)",
				);
				GCC_SYMBOLS_PRIVATE_EXTERN = NO;
				GCC_WARN_64_TO_32_BIT_CONVERSION = YES;
				GCC_WARN_ABOUT_RETURN_TYPE = YES_ERROR;
				GCC_WARN_UNDECLARED_SELECTOR = YES;
				GCC_WARN_UNINITIALIZED_AUTOS = YES_AGGRESSIVE;
				GCC_WARN_UNUSED_FUNCTION = YES;
				GCC_WARN_UNUSED_VARIABLE = YES;
				IPHONEOS_DEPLOYMENT_TARGET = 7.1;
				ONLY_ACTIVE_ARCH = YES;
				SDKROOT = iphoneos;
			};
			name = Debug;
		};
		D8559A82191A3ADF00E57EDA /* Release */ = {
			isa = XCBuildConfiguration;
			buildSettings = {
				ALWAYS_SEARCH_USER_PATHS = NO;
				CLANG_CXX_LANGUAGE_STANDARD = "gnu++0x";
				CLANG_CXX_LIBRARY = "libc++";
				CLANG_ENABLE_MODULES = YES;
				CLANG_ENABLE_OBJC_ARC = YES;
				CLANG_WARN_BOOL_CONVERSION = YES;
				CLANG_WARN_CONSTANT_CONVERSION = YES;
				CLANG_WARN_DIRECT_OBJC_ISA_USAGE = YES_ERROR;
				CLANG_WARN_EMPTY_BODY = YES;
				CLANG_WARN_ENUM_CONVERSION = YES;
				CLANG_WARN_INT_CONVERSION = YES;
				CLANG_WARN_OBJC_ROOT_CLASS = YES_ERROR;
				CLANG_WARN__DUPLICATE_METHOD_MATCH = YES;
				"CODE_SIGN_IDENTITY[sdk=iphoneos*]" = "iPhone Developer";
				COPY_PHASE_STRIP = YES;
				ENABLE_NS_ASSERTIONS = NO;
				GCC_C_LANGUAGE_STANDARD = gnu99;
				GCC_WARN_64_TO_32_BIT_CONVERSION = YES;
				GCC_WARN_ABOUT_RETURN_TYPE = YES_ERROR;
				GCC_WARN_UNDECLARED_SELECTOR = YES;
				GCC_WARN_UNINITIALIZED_AUTOS = YES_AGGRESSIVE;
				GCC_WARN_UNUSED_FUNCTION = YES;
				GCC_WARN_UNUSED_VARIABLE = YES;
				IPHONEOS_DEPLOYMENT_TARGET = 7.1;
				SDKROOT = iphoneos;
				VALIDATE_PRODUCT = YES;
			};
			name = Release;
		};
		D8559A84191A3ADF00E57EDA /* Debug */ = {
			isa = XCBuildConfiguration;
			buildSettings = {
				ASSETCATALOG_COMPILER_APPICON_NAME = AppIcon;
				ASSETCATALOG_COMPILER_LAUNCHIMAGE_NAME = LaunchImage;
				GCC_PRECOMPILE_PREFIX_HEADER = YES;
				GCC_PREFIX_HEADER = "StopWatch/StopWatch-Prefix.pch";
				INFOPLIST_FILE = "StopWatch/StopWatch-Info.plist";
				PRODUCT_NAME = "$(TARGET_NAME)";
				WRAPPER_EXTENSION = app;
			};
			name = Debug;
		};
		D8559A85191A3ADF00E57EDA /* Release */ = {
			isa = XCBuildConfiguration;
			buildSettings = {
				ASSETCATALOG_COMPILER_APPICON_NAME = AppIcon;
				ASSETCATALOG_COMPILER_LAUNCHIMAGE_NAME = LaunchImage;
				GCC_PRECOMPILE_PREFIX_HEADER = YES;
				GCC_PREFIX_HEADER = "StopWatch/StopWatch-Prefix.pch";
				INFOPLIST_FILE = "StopWatch/StopWatch-Info.plist";
				PRODUCT_NAME = "$(TARGET_NAME)";
				WRAPPER_EXTENSION = app;
			};
			name = Release;
		};
		D8559A87191A3ADF00E57EDA /* Debug */ = {
			isa = XCBuildConfiguration;
			buildSettings = {
				BUNDLE_LOADER = "$(BUILT_PRODUCTS_DIR)/StopWatch.app/StopWatch";
				FRAMEWORK_SEARCH_PATHS = (
					"$(SDKROOT)/Developer/Library/Frameworks",
					"$(inherited)",
					"$(DEVELOPER_FRAMEWORKS_DIR)",
				);
				GCC_PRECOMPILE_PREFIX_HEADER = YES;
				GCC_PREFIX_HEADER = "StopWatch/StopWatch-Prefix.pch";
				GCC_PREPROCESSOR_DEFINITIONS = (
					"DEBUG=1",
					"$(inherited)",
				);
				INFOPLIST_FILE = "StopWatchTests/StopWatchTests-Info.plist";
				PRODUCT_NAME = "$(TARGET_NAME)";
				TEST_HOST = "$(BUNDLE_LOADER)";
				WRAPPER_EXTENSION = xctest;
			};
			name = Debug;
		};
		D8559A88191A3ADF00E57EDA /* Release */ = {
			isa = XCBuildConfiguration;
			buildSettings = {
				BUNDLE_LOADER = "$(BUILT_PRODUCTS_DIR)/StopWatch.app/StopWatch";
				FRAMEWORK_SEARCH_PATHS = (
					"$(SDKROOT)/Developer/Library/Frameworks",
					"$(inherited)",
					"$(DEVELOPER_FRAMEWORKS_DIR)",
				);
				GCC_PRECOMPILE_PREFIX_HEADER = YES;
				GCC_PREFIX_HEADER = "StopWatch/StopWatch-Prefix.pch";
				INFOPLIST_FILE = "StopWatchTests/StopWatchTests-Info.plist";
				PRODUCT_NAME = "$(TARGET_NAME)";
				TEST_HOST = "$(BUNDLE_LOADER)";
				WRAPPER_EXTENSION = xctest;
			};
			name = Release;
		};
/* End XCBuildConfiguration section */

/* Begin XCConfigurationList section */
		D8559A4C191A3ADF00E57EDA /* Build configuration list for PBXProject "StopWatch" */ = {
			isa = XCConfigurationList;
			buildConfigurations = (
				D8559A81191A3ADF00E57EDA /* Debug */,
				D8559A82191A3ADF00E57EDA /* Release */,
			);
			defaultConfigurationIsVisible = 0;
			defaultConfigurationName = Release;
		};
		D8559A83191A3ADF00E57EDA /* Build configuration list for PBXNativeTarget "StopWatch" */ = {
			isa = XCConfigurationList;
			buildConfigurations = (
				D8559A84191A3ADF00E57EDA /* Debug */,
				D8559A85191A3ADF00E57EDA /* Release */,
			);
			defaultConfigurationIsVisible = 0;
		};
		D8559A86191A3ADF00E57EDA /* Build configuration list for PBXNativeTarget "StopWatchTests" */ = {
			isa = XCConfigurationList;
			buildConfigurations = (
				D8559A87191A3ADF00E57EDA /* Debug */,
				D8559A88191A3ADF00E57EDA /* Release */,
			);
			defaultConfigurationIsVisible = 0;
		};
/* End XCConfigurationList section */
	};
	rootObject = D8559A49191A3ADF00E57EDA /* Project object */;
}
